
Microsoft Visual Studio Solution File, Format Version 12.00
# Visual Studio Version 17
VisualStudioVersion = 17.0.32126.317
MinimumVisualStudioVersion = 10.0.40219.1
Project("{FAE04EC0-301F-11D3-BF4B-00C04F79EFBC}") = "WinFormsApp1", "WinFormsApp1.csproj", "{560A93AE-3012-4099-8BB8-8AFEC2B01DB9}"
EndProject
Global
	GlobalSection(SolutionConfigurationPlatforms) = preSolution
		Debug|Any CPU = Debug|Any CPU
		Release|Any CPU = Release|Any CPU
	EndGlobalSection
	GlobalSection(ProjectConfigurationPlatforms) = postSolution
		{560A93AE-3012-4099-8BB8-8AFEC2B01DB9}.Debug|Any CPU.ActiveCfg = Debug|Any CPU
		{560A93AE-3012-4099-8BB8-8AFEC2B01DB9}.Debug|Any CPU.Build.0 = Debug|Any CPU
		{560A93AE-3012-4099-8BB8-8AFEC2B01DB9}.Release|Any CPU.ActiveCfg = Release|Any CPU
		{560A93AE-3012-4099-8BB8-8AFEC2B01DB9}.Release|Any CPU.Build.0 = Release|Any CPU
	EndGlobalSection
	GlobalSection(SolutionProperties) = preSolution
		HideSolutionNode = FALSE
	EndGlobalSection
	GlobalSection(ExtensibilityGlobals) = postSolution
		SolutionGuid = {B8ED8185-EF7F-48AC-AD77-4582F1E727F2}
	EndGlobalSection
EndGlobal
